{
  "name": "postgres-backup",
  "version": "1.0.0",
  "lockfileVersion": 1,
  "requires": true,
  "dependencies": {
    "commander": {
      "version": "6.1.0",
      "resolved": "https://registry.npmjs.org/commander/-/commander-6.1.0.tgz",
      "integrity": "sha512-wl7PNrYWd2y5mp1OK/LhTlv8Ff4kQJQRXXAvF+uU/TPNiVJUxZLRYGj/B0y/lPGAVcSbJqH2Za/cvHmrPMC8mA=="
    },
    "dotenv": {
      "version": "10.0.0",
      "resolved": "https://registry.npmjs.org/dotenv/-/dotenv-10.0.0.tgz",
      "integrity": "sha512-rlBi9d8jpv9Sf1klPjNfFAuWDjKLwTIJJ/VxtoTwIR6hnZxcEOQCZg2oIL3MWBYw5GpUDKOEnND7LXTbIpQ03Q=="
    },
    "gzipme": {
      "version": "1.0.0",
      "resolved": "https://registry.npmjs.org/gzipme/-/gzipme-1.0.0.tgz",
      "integrity": "sha512-wxwgzH0vbi7RpWPYPRq+3laKr7Di4S4nYnFCQbxFpkcuxO49LVC7NUS7ZDnPLVRZcEDL4iZFCqnLCFSvoBIIhw==",
      "requires": {
        "commander": "6.1.0"
      }
    }
  }
}
