# THIS IS AN AUTOGENERATED FILE. DO NOT EDIT THIS FILE DIRECTLY.
# yarn lockfile v1


commander@6.1.0:
  version "6.1.0"
  resolved "https://registry.yarnpkg.com/commander/-/commander-6.1.0.tgz#f8d722b78103141006b66f4c7ba1e97315ba75bc"
  integrity sha512-wl7PNrYWd2y5mp1OK/LhTlv8Ff4kQJQRXXAvF+uU/TPNiVJUxZLRYGj/B0y/lPGAVcSbJqH2Za/cvHmrPMC8mA==

dotenv@^10.0.0:
  version "10.0.0"
  resolved "https://registry.yarnpkg.com/dotenv/-/dotenv-10.0.0.tgz#3d4227b8fb95f81096cdd2b66653fb2c7085ba81"
  integrity sha512-rlBi9d8jpv9Sf1klPjNfFAuWDjKLwTIJJ/VxtoTwIR6hnZxcEOQCZg2oIL3MWBYw5GpUDKOEnND7LXTbIpQ03Q==

gzipme@^1.0.0:
  version "1.0.0"
  resolved "https://registry.yarnpkg.com/gzipme/-/gzipme-1.0.0.tgz#a1edb8c8802cc05348fc70eec911203f8a1650b9"
  integrity sha512-wxwgzH0vbi7RpWPYPRq+3laKr7Di4S4nYnFCQbxFpkcuxO49LVC7NUS7ZDnPLVRZcEDL4iZFCqnLCFSvoBIIhw==
  dependencies:
    commander "6.1.0"
